// !$*UTF8*$!
{
	archiveVersion = 1;
	classes = {
	};
	objectVersion = 50;
	objects = {

/* Begin PBXBuildFile section */
		960EE6F42294FBA5009FF884 /* AppDelegate.swift in Sources */ = {isa = PBXBuildFile; fileRef = 960EE6F32294FBA5009FF884 /* AppDelegate.swift */; };
		960EE6F72294FBA5009FF884 /* PMTool.xcdatamodeld in Sources */ = {isa = PBXBuildFile; fileRef = 960EE6F52294FBA5009FF884 /* PMTool.xcdatamodeld */; };
		960EE6F92294FBA5009FF884 /* MasterViewController.swift in Sources */ = {isa = PBXBuildFile; fileRef = 960EE6F82294FBA5009FF884 /* MasterViewController.swift */; };
		960EE6FB2294FBA5009FF884 /* DetailViewController.swift in Sources */ = {isa = PBXBuildFile; fileRef = 960EE6FA2294FBA5009FF884 /* DetailViewController.swift */; };
		960EE6FE2294FBA5009FF884 /* Main.storyboard in Resources */ = {isa = PBXBuildFile; fileRef = 960EE6FC2294FBA5009FF884 /* Main.storyboard */; };
		960EE7002294FBA7009FF884 /* Assets.xcassets in Resources */ = {isa = PBXBuildFile; fileRef = 960EE6FF2294FBA7009FF884 /* Assets.xcassets */; };
		960EE7032294FBA7009FF884 /* LaunchScreen.storyboard in Resources */ = {isa = PBXBuildFile; fileRef = 960EE7012294FBA7009FF884 /* LaunchScreen.storyboard */; };
/* End PBXBuildFile section */

/* Begin PBXFileReference section */
		960EE6F02294FBA5009FF884 /* PMTool.app */ = {isa = PBXFileReference; explicitFileType = wrapper.application; includeInIndex = 0; path = PMTool.app; sourceTree = BUILT_PRODUCTS_DIR; };
		960EE6F32294FBA5009FF884 /* AppDelegate.swift */ = {isa = PBXFileReference; lastKnownFileType = sourcecode.swift; path = AppDelegate.swift; sourceTree = "<group>"; };
		960EE6F62294FBA5009FF884 /* PMTool.xcdatamodel */ = {isa = PBXFileReference; lastKnownFileType = wrapper.xcdatamodel; path = PMTool.xcdatamodel; sourceTree = "<group>"; };
		960EE6F82294FBA5009FF884 /* MasterViewController.swift */ = {isa = PBXFileReference; lastKnownFileType = sourcecode.swift; path = MasterViewController.swift; sourceTree = "<group>"; };
		960EE6FA2294FBA5009FF884 /* DetailViewController.swift */ = {isa = PBXFileReference; lastKnownFileType = sourcecode.swift; path = DetailViewController.swift; sourceTree = "<group>"; };
		960EE6FD2294FBA5009FF884 /* Base */ = {isa = PBXFileReference; lastKnownFileType = file.storyboard; name = Base; path = Base.lproj/Main.storyboard; sourceTree = "<group>"; };
		960EE6FF2294FBA7009FF884 /* Assets.xcassets */ = {isa = PBXFileReference; lastKnownFileType = folder.assetcatalog; path = Assets.xcassets; sourceTree = "<group>"; };
		960EE7022294FBA7009FF884 /* Base */ = {isa = PBXFileReference; lastKnownFileType = file.storyboard; name = Base; path = Base.lproj/LaunchScreen.storyboard; sourceTree = "<group>"; };
		960EE7042294FBA7009FF884 /* Info.plist */ = {isa = PBXFileReference; lastKnownFileType = text.plist.xml; path = Info.plist; sourceTree = "<group>"; };
/* End PBXFileReference section */

/* Begin PBXFrameworksBuildPhase section */
		960EE6ED2294FBA5009FF884 /* Frameworks */ = {
			isa = PBXFrameworksBuildPhase;
			buildActionMask = 2147483647;
			files = (
			);
			runOnlyForDeploymentPostprocessing = 0;
		};
/* End PBXFrameworksBuildPhase section */

/* Begin PBXGroup section */
		960EE6E72294FBA5009FF884 = {
			isa = PBXGroup;
			children = (
				960EE6F22294FBA5009FF884 /* PMTool */,
				960EE6F12294FBA5009FF884 /* Products */,
			);
			sourceTree = "<group>";
		};
		960EE6F12294FBA5009FF884 /* Products */ = {
			isa = PBXGroup;
			children = (
				960EE6F02294FBA5009FF884 /* PMTool.app */,
			);
			name = Products;
			sourceTree = "<group>";
		};
		960EE6F22294FBA5009FF884 /* PMTool */ = {
			isa = PBXGroup;
			children = (
				960EE6F32294FBA5009FF884 /* AppDelegate.swift */,
				960EE6F82294FBA5009FF884 /* MasterViewController.swift */,
				960EE6FA2294FBA5009FF884 /* DetailViewController.swift */,
				960EE6FC2294FBA5009FF884 /* Main.storyboard */,
				960EE6FF2294FBA7009FF884 /* Assets.xcassets */,
				960EE7012294FBA7009FF884 /* LaunchScreen.storyboard */,
				960EE7042294FBA7009FF884 /* Info.plist */,
				960EE6F52294FBA5009FF884 /* PMTool.xcdatamodeld */,
			);
			path = PMTool;
			sourceTree = "<group>";
		};
/* End PBXGroup section */

/* Begin PBXNativeTarget section */
		960EE6EF2294FBA5009FF884 /* PMTool */ = {
			isa = PBXNativeTarget;
			buildConfigurationList = 960EE7072294FBA7009FF884 /* Build configuration list for PBXNativeTarget "PMTool" */;
			buildPhases = (
				960EE6EC2294FBA5009FF884 /* Sources */,
				960EE6ED2294FBA5009FF884 /* Frameworks */,
				960EE6EE2294FBA5009FF884 /* Resources */,
			);
			buildRules = (
			);
			dependencies = (
			);
			name = PMTool;
			productName = PMTool;
			productReference = 960EE6F02294FBA5009FF884 /* PMTool.app */;
			productType = "com.apple.product-type.application";
		};
/* End PBXNativeTarget section */

/* Begin PBXProject section */
		960EE6E82294FBA5009FF884 /* Project object */ = {
			isa = PBXProject;
			attributes = {
				LastSwiftUpdateCheck = 1010;
				LastUpgradeCheck = 1010;
				ORGANIZATIONNAME = "Pamodya Jayangani";
				TargetAttributes = {
					960EE6EF2294FBA5009FF884 = {
						CreatedOnToolsVersion = 10.1;
					};
				};
			};
			buildConfigurationList = 960EE6EB2294FBA5009FF884 /* Build configuration list for PBXProject "PMTool" */;
			compatibilityVersion = "Xcode 9.3";
			developmentRegion = en;
			hasScannedForEncodings = 0;
			knownRegions = (
				en,
				Base,
			);
			mainGroup = 960EE6E72294FBA5009FF884;
			productRefGroup = 960EE6F12294FBA5009FF884 /* Products */;
			projectDirPath = "";
			projectRoot = "";
			targets = (
				960EE6EF2294FBA5009FF884 /* PMTool */,
			);
		};
/* End PBXProject section */

/* Begin PBXResourcesBuildPhase section */
		960EE6EE2294FBA5009FF884 /* Resources */ = {
			isa = PBXResourcesBuildPhase;
			buildActionMask = 2147483647;
			files = (
				960EE7032294FBA7009FF884 /* LaunchScreen.storyboard in Resources */,
				960EE7002294FBA7009FF884 /* Assets.xcassets in Resources */,
				960EE6FE2294FBA5009FF884 /* Main.storyboard in Resources */,
			);
			runOnlyForDeploymentPostprocessing = 0;
		};
/* End PBXResourcesBuildPhase section */

/* Begin PBXSourcesBuildPhase section */
		960EE6EC2294FBA5009FF884 /* Sources */ = {
			isa = PBXSourcesBuildPhase;
			buildActionMask = 2147483647;
			files = (
				960EE6F72294FBA5009FF884 /* PMTool.xcdatamodeld in Sources */,
				960EE6F42294FBA5009FF884 /* AppDelegate.swift in Sources */,
				960EE6F92294FBA5009FF884 /* MasterViewController.swift in Sources */,
				960EE6FB2294FBA5009FF884 /* DetailViewController.swift in Sources */,
			);
			runOnlyForDeploymentPostprocessing = 0;
		};
/* End PBXSourcesBuildPhase section */

/* Begin PBXVariantGroup section */
		960EE6FC2294FBA5009FF884 /* Main.storyboard */ = {
			isa = PBXVariantGroup;
			children = (
				960EE6FD2294FBA5009FF884 /* Base */,
			);
			name = Main.storyboard;
			sourceTree = "<group>";
		};
		960EE7012294FBA7009FF884 /* LaunchScreen.storyboard */ = {
			isa = PBXVariantGroup;
			children = (
				960EE7022294FBA7009FF884 /* Base */,
			);
			name = LaunchScreen.storyboard;
			sourceTree = "<group>";
		};
/* End PBXVariantGroup section */

/* Begin XCBuildConfiguration section */
		960EE7052294FBA7009FF884 /* Debug */ = {
			isa = XCBuildConfiguration;
			buildSettings = {
				ALWAYS_SEARCH_USER_PATHS = NO;
				CLANG_ANALYZER_NONNULL = YES;
				CLANG_ANALYZER_NUMBER_OBJECT_CONVERSION = YES_AGGRESSIVE;
				CLANG_CXX_LANGUAGE_STANDARD = "gnu++14";
				CLANG_CXX_LIBRARY = "libc++";
				CLANG_ENABLE_MODULES = YES;
				CLANG_ENABLE_OBJC_ARC = YES;
				CLANG_ENABLE_OBJC_WEAK = YES;
				CLANG_WARN_BLOCK_CAPTURE_AUTORELEASING = YES;
				CLANG_WARN_BOOL_CONVERSION = YES;
				CLANG_WARN_COMMA = YES;
				CLANG_WARN_CONSTANT_CONVERSION = YES;
				CLANG_WARN_DEPRECATED_OBJC_IMPLEMENTATIONS = YES;
				CLANG_WARN_DIRECT_OBJC_ISA_USAGE = YES_ERROR;
				CLANG_WARN_DOCUMENTATION_COMMENTS = YES;
				CLANG_WARN_EMPTY_BODY = YES;
				CLANG_WARN_ENUM_CONVERSION = YES;
				CLANG_WARN_INFINITE_RECURSION = YES;
				CLANG_WARN_INT_CONVERSION = YES;
				CLANG_WARN_NON_LITERAL_NULL_CONVERSION = YES;
				CLANG_WARN_OBJC_IMPLICIT_RETAIN_SELF = YES;
				CLANG_WARN_OBJC_LITERAL_CONVERSION = YES;
				CLANG_WARN_OBJC_ROOT_CLASS = YES_ERROR;
				CLANG_WARN_RANGE_LOOP_ANALYSIS = YES;
				CLANG_WARN_STRICT_PROTOTYPES = YES;
				CLANG_WARN_SUSPICIOUS_MOVE = YES;
				CLANG_WARN_UNGUARDED_AVAILABILITY = YES_AGGRESSIVE;
				CLANG_WARN_UNREACHABLE_CODE = YES;
				CLANG_WARN__DUPLICATE_METHOD_MATCH = YES;
				CODE_SIGN_IDENTITY = "iPhone Developer";
				COPY_PHASE_STRIP = NO;
				DEBUG_INFORMATION_FORMAT = dwarf;
				ENABLE_STRICT_OBJC_MSGSEND = YES;
				ENABLE_TESTABILITY = YES;
				GCC_C_LANGUAGE_STANDARD = gnu11;
				GCC_DYNAMIC_NO_PIC = NO;
				GCC_NO_COMMON_BLOCKS = YES;
				GCC_OPTIMIZATION_LEVEL = 0;
				GCC_PREPROCESSOR_DEFINITIONS = (
					"DEBUG=1",
					"$(inherited)",
				);
				GCC_WARN_64_TO_32_BIT_CONVERSION = YES;
				GCC_WARN_ABOUT_RETURN_TYPE = YES_ERROR;
				GCC_WARN_UNDECLARED_SELECTOR = YES;
				GCC_WARN_UNINITIALIZED_AUTOS = YES_AGGRESSIVE;
				GCC_WARN_UNUSED_FUNCTION = YES;
				GCC_WARN_UNUSED_VARIABLE = YES;
				IPHONEOS_DEPLOYMENT_TARGET = 12.1;
				MTL_ENABLE_DEBUG_INFO = INCLUDE_SOURCE;
				MTL_FAST_MATH = YES;
				ONLY_ACTIVE_ARCH = YES;
				SDKROOT = iphoneos;
				SWIFT_ACTIVE_COMPILATION_CONDITIONS = DEBUG;
				SWIFT_OPTIMIZATION_LEVEL = "-Onone";
			};
			name = Debug;
		};
		960EE7062294FBA7009FF884 /* Release */ = {
			isa = XCBuildConfiguration;
			buildSettings = {
				ALWAYS_SEARCH_USER_PATHS = NO;
				CLANG_ANALYZER_NONNULL = YES;
				CLANG_ANALYZER_NUMBER_OBJECT_CONVERSION = YES_AGGRESSIVE;
				CLANG_CXX_LANGUAGE_STANDARD = "gnu++14";
				CLANG_CXX_LIBRARY = "libc++";
				CLANG_ENABLE_MODULES = YES;
				CLANG_ENABLE_OBJC_ARC = YES;
				CLANG_ENABLE_OBJC_WEAK = YES;
				CLANG_WARN_BLOCK_CAPTURE_AUTORELEASING = YES;
				CLANG_WARN_BOOL_CONVERSION = YES;
				CLANG_WARN_COMMA = YES;
				CLANG_WARN_CONSTANT_CONVERSION = YES;
				CLANG_WARN_DEPRECATED_OBJC_IMPLEMENTATIONS = YES;
				CLANG_WARN_DIRECT_OBJC_ISA_USAGE = YES_ERROR;
				CLANG_WARN_DOCUMENTATION_COMMENTS = YES;
				CLANG_WARN_EMPTY_BODY = YES;
				CLANG_WARN_ENUM_CONVERSION = YES;
				CLANG_WARN_INFINITE_RECURSION = YES;
				CLANG_WARN_INT_CONVERSION = YES;
				CLANG_WARN_NON_LITERAL_NULL_CONVERSION = YES;
				CLANG_WARN_OBJC_IMPLICIT_RETAIN_SELF = YES;
				CLANG_WARN_OBJC_LITERAL_CONVERSION = YES;
				CLANG_WARN_OBJC_ROOT_CLASS = YES_ERROR;
				CLANG_WARN_RANGE_LOOP_ANALYSIS = YES;
				CLANG_WARN_STRICT_PROTOTYPES = YES;
				CLANG_WARN_SUSPICIOUS_MOVE = YES;
				CLANG_WARN_UNGUARDED_AVAILABILITY = YES_AGGRESSIVE;
				CLANG_WARN_UNREACHABLE_CODE = YES;
				CLANG_WARN__DUPLICATE_METHOD_MATCH = YES;
				CODE_SIGN_IDENTITY = "iPhone Developer";
				COPY_PHASE_STRIP = NO;
				DEBUG_INFORMATION_FORMAT = "dwarf-with-dsym";
				ENABLE_NS_ASSERTIONS = NO;
				ENABLE_STRICT_OBJC_MSGSEND = YES;
				GCC_C_LANGUAGE_STANDARD = gnu11;
				GCC_NO_COMMON_BLOCKS = YES;
				GCC_WARN_64_TO_32_BIT_CONVERSION = YES;
				GCC_WARN_ABOUT_RETURN_TYPE = YES_ERROR;
				GCC_WARN_UNDECLARED_SELECTOR = YES;
				GCC_WARN_UNINITIALIZED_AUTOS = YES_AGGRESSIVE;
				GCC_WARN_UNUSED_FUNCTION = YES;
				GCC_WARN_UNUSED_VARIABLE = YES;
				IPHONEOS_DEPLOYMENT_TARGET = 12.1;
				MTL_ENABLE_DEBUG_INFO = NO;
				MTL_FAST_MATH = YES;
				SDKROOT = iphoneos;
				SWIFT_COMPILATION_MODE = wholemodule;
				SWIFT_OPTIMIZATION_LEVEL = "-O";
				VALIDATE_PRODUCT = YES;
			};
			name = Release;
		};
		960EE7082294FBA7009FF884 /* Debug */ = {
			isa = XCBuildConfiguration;
			buildSettings = {
				ASSETCATALOG_COMPILER_APPICON_NAME = AppIcon;
				CODE_SIGN_STYLE = Automatic;
				INFOPLIST_FILE = PMTool/Info.plist;
				LD_RUNPATH_SEARCH_PATHS = (
					"$(inherited)",
					"@executable_path/Frameworks",
				);
				PRODUCT_BUNDLE_IDENTIFIER = PamodyaD.PMTool;
				PRODUCT_NAME = "$(TARGET_NAME)";
				SWIFT_VERSION = 4.2;
				TARGETED_DEVICE_FAMILY = "1,2";
			};
			name = Debug;
		};
		960EE7092294FBA7009FF884 /* Release */ = {
			isa = XCBuildConfiguration;
			buildSettings = {
				ASSETCATALOG_COMPILER_APPICON_NAME = AppIcon;
				CODE_SIGN_STYLE = Automatic;
				INFOPLIST_FILE = PMTool/Info.plist;
				LD_RUNPATH_SEARCH_PATHS = (
					"$(inherited)",
					"@executable_path/Frameworks",
				);
				PRODUCT_BUNDLE_IDENTIFIER = PamodyaD.PMTool;
				PRODUCT_NAME = "$(TARGET_NAME)";
				SWIFT_VERSION = 4.2;
				TARGETED_DEVICE_FAMILY = "1,2";
			};
			name = Release;
		};
/* End XCBuildConfiguration section */

/* Begin XCConfigurationList section */
		960EE6EB2294FBA5009FF884 /* Build configuration list for PBXProject "PMTool" */ = {
			isa = XCConfigurationList;
			buildConfigurations = (
				960EE7052294FBA7009FF884 /* Debug */,
				960EE7062294FBA7009FF884 /* Release */,
			);
			defaultConfigurationIsVisible = 0;
			defaultConfigurationName = Release;
		};
		960EE7072294FBA7009FF884 /* Build configuration list for PBXNativeTarget "PMTool" */ = {
			isa = XCConfigurationList;
			buildConfigurations = (
				960EE7082294FBA7009FF884 /* Debug */,
				960EE7092294FBA7009FF884 /* Release */,
			);
			defaultConfigurationIsVisible = 0;
			defaultConfigurationName = Release;
		};
/* End XCConfigurationList section */

/* Begin XCVersionGroup section */
		960EE6F52294FBA5009FF884 /* PMTool.xcdatamodeld */ = {
			isa = XCVersionGroup;
			children = (
				960EE6F62294FBA5009FF884 /* PMTool.xcdatamodel */,
			);
			currentVersion = 960EE6F62294FBA5009FF884 /* PMTool.xcdatamodel */;
			path = PMTool.xcdatamodeld;
			sourceTree = "<group>";
			versionGroupType = wrapper.xcdatamodel;
		};
/* End XCVersionGroup section */
	};
	rootObject = 960EE6E82294FBA5009FF884 /* Project object */;
}
